
Microsoft Visual Studio Solution File, Format Version 12.00
# Visual Studio 14
VisualStudioVersion = 14.0.24720.0
MinimumVisualStudioVersion = 10.0.40219.1
Project("{FAE04EC0-301F-11D3-BF4B-00C04F79EFBC}") = "SExpressionParser", "SExpressionParser.csproj", "{2A988FA8-2DFB-4935-9871-8A21E2AE2D0E}"
EndProject
Project("{2150E333-8FDC-42A3-9474-1A3956D46DE8}") = "test", "test", "{47887ACD-66E4-4167-AADD-D1D42752B451}"
EndProject
Project("{FAE04EC0-301F-11D3-BF4B-00C04F79EFBC}") = "TestForm", "test\TestForm\TestForm.csproj", "{084E3E4C-55B7-4BB0-A18B-F1D2ED1B1817}"
EndProject
Global
	GlobalSection(SolutionConfigurationPlatforms) = preSolution
		Debug|Any CPU = Debug|Any CPU
		Release|Any CPU = Release|Any CPU
	EndGlobalSection
	GlobalSection(ProjectConfigurationPlatforms) = postSolution
		{2A988FA8-2DFB-4935-9871-8A21E2AE2D0E}.Debug|Any CPU.ActiveCfg = Debug|Any CPU
		{2A988FA8-2DFB-4935-9871-8A21E2AE2D0E}.Debug|Any CPU.Build.0 = Debug|Any CPU
		{2A988FA8-2DFB-4935-9871-8A21E2AE2D0E}.Release|Any CPU.ActiveCfg = Release|Any CPU
		{2A988FA8-2DFB-4935-9871-8A21E2AE2D0E}.Release|Any CPU.Build.0 = Release|Any CPU
		{084E3E4C-55B7-4BB0-A18B-F1D2ED1B1817}.Debug|Any CPU.ActiveCfg = Debug|Any CPU
		{084E3E4C-55B7-4BB0-A18B-F1D2ED1B1817}.Debug|Any CPU.Build.0 = Debug|Any CPU
		{084E3E4C-55B7-4BB0-A18B-F1D2ED1B1817}.Release|Any CPU.ActiveCfg = Release|Any CPU
		{084E3E4C-55B7-4BB0-A18B-F1D2ED1B1817}.Release|Any CPU.Build.0 = Release|Any CPU
	EndGlobalSection
	GlobalSection(SolutionProperties) = preSolution
		HideSolutionNode = FALSE
	EndGlobalSection
	GlobalSection(NestedProjects) = preSolution
		{084E3E4C-55B7-4BB0-A18B-F1D2ED1B1817} = {47887ACD-66E4-4167-AADD-D1D42752B451}
	EndGlobalSection
EndGlobal
